
Microsoft Visual Studio Solution File, Format Version 12.00
# Visual Studio Version 16
VisualStudioVersion = 16.0.30114.105
MinimumVisualStudioVersion = 10.0.40219.1
Project("{FAE04EC0-301F-11D3-BF4B-00C04F79EFBC}") = "FlockingBackend", "FlockingBackend\FlockingBackend.csproj", "{EABD1284-023B-4956-9A4A-656D5AD7EC0D}"
EndProject
Project("{FAE04EC0-301F-11D3-BF4B-00C04F79EFBC}") = "FlockingUnitTests", "FlockingUnitTests\FlockingUnitTests.csproj", "{CCB1899C-D896-4A91-8F7C-BE174ACE0B09}"
EndProject
Project("{FAE04EC0-301F-11D3-BF4B-00C04F79EFBC}") = "FlockingSimulation", "FlockingSimulation\FlockingSimulation.csproj", "{426D9002-ACA4-4E60-BE25-42C79BAC2DC7}"
EndProject
Global
	GlobalSection(SolutionConfigurationPlatforms) = preSolution
		Debug|Any CPU = Debug|Any CPU
		Debug|x64 = Debug|x64
		Debug|x86 = Debug|x86
		Release|Any CPU = Release|Any CPU
		Release|x64 = Release|x64
		Release|x86 = Release|x86
	EndGlobalSection
	GlobalSection(SolutionProperties) = preSolution
		HideSolutionNode = FALSE
	EndGlobalSection
	GlobalSection(ProjectConfigurationPlatforms) = postSolution
		{EABD1284-023B-4956-9A4A-656D5AD7EC0D}.Debug|Any CPU.ActiveCfg = Debug|Any CPU
		{EABD1284-023B-4956-9A4A-656D5AD7EC0D}.Debug|Any CPU.Build.0 = Debug|Any CPU
		{EABD1284-023B-4956-9A4A-656D5AD7EC0D}.Debug|x64.ActiveCfg = Debug|Any CPU
		{EABD1284-023B-4956-9A4A-656D5AD7EC0D}.Debug|x64.Build.0 = Debug|Any CPU
		{EABD1284-023B-4956-9A4A-656D5AD7EC0D}.Debug|x86.ActiveCfg = Debug|Any CPU
		{EABD1284-023B-4956-9A4A-656D5AD7EC0D}.Debug|x86.Build.0 = Debug|Any CPU
		{EABD1284-023B-4956-9A4A-656D5AD7EC0D}.Release|Any CPU.ActiveCfg = Release|Any CPU
		{EABD1284-023B-4956-9A4A-656D5AD7EC0D}.Release|Any CPU.Build.0 = Release|Any CPU
		{EABD1284-023B-4956-9A4A-656D5AD7EC0D}.Release|x64.ActiveCfg = Release|Any CPU
		{EABD1284-023B-4956-9A4A-656D5AD7EC0D}.Release|x64.Build.0 = Release|Any CPU
		{EABD1284-023B-4956-9A4A-656D5AD7EC0D}.Release|x86.ActiveCfg = Release|Any CPU
		{EABD1284-023B-4956-9A4A-656D5AD7EC0D}.Release|x86.Build.0 = Release|Any CPU
		{CCB1899C-D896-4A91-8F7C-BE174ACE0B09}.Debug|Any CPU.ActiveCfg = Debug|Any CPU
		{CCB1899C-D896-4A91-8F7C-BE174ACE0B09}.Debug|Any CPU.Build.0 = Debug|Any CPU
		{CCB1899C-D896-4A91-8F7C-BE174ACE0B09}.Debug|x64.ActiveCfg = Debug|Any CPU
		{CCB1899C-D896-4A91-8F7C-BE174ACE0B09}.Debug|x64.Build.0 = Debug|Any CPU
		{CCB1899C-D896-4A91-8F7C-BE174ACE0B09}.Debug|x86.ActiveCfg = Debug|Any CPU
		{CCB1899C-D896-4A91-8F7C-BE174ACE0B09}.Debug|x86.Build.0 = Debug|Any CPU
		{CCB1899C-D896-4A91-8F7C-BE174ACE0B09}.Release|Any CPU.ActiveCfg = Release|Any CPU
		{CCB1899C-D896-4A91-8F7C-BE174ACE0B09}.Release|Any CPU.Build.0 = Release|Any CPU
		{CCB1899C-D896-4A91-8F7C-BE174ACE0B09}.Release|x64.ActiveCfg = Release|Any CPU
		{CCB1899C-D896-4A91-8F7C-BE174ACE0B09}.Release|x64.Build.0 = Release|Any CPU
		{CCB1899C-D896-4A91-8F7C-BE174ACE0B09}.Release|x86.ActiveCfg = Release|Any CPU
		{CCB1899C-D896-4A91-8F7C-BE174ACE0B09}.Release|x86.Build.0 = Release|Any CPU
		{426D9002-ACA4-4E60-BE25-42C79BAC2DC7}.Debug|Any CPU.ActiveCfg = Debug|Any CPU
		{426D9002-ACA4-4E60-BE25-42C79BAC2DC7}.Debug|Any CPU.Build.0 = Debug|Any CPU
		{426D9002-ACA4-4E60-BE25-42C79BAC2DC7}.Debug|x64.ActiveCfg = Debug|Any CPU
		{426D9002-ACA4-4E60-BE25-42C79BAC2DC7}.Debug|x64.Build.0 = Debug|Any CPU
		{426D9002-ACA4-4E60-BE25-42C79BAC2DC7}.Debug|x86.ActiveCfg = Debug|Any CPU
		{426D9002-ACA4-4E60-BE25-42C79BAC2DC7}.Debug|x86.Build.0 = Debug|Any CPU
		{426D9002-ACA4-4E60-BE25-42C79BAC2DC7}.Release|Any CPU.ActiveCfg = Release|Any CPU
		{426D9002-ACA4-4E60-BE25-42C79BAC2DC7}.Release|Any CPU.Build.0 = Release|Any CPU
		{426D9002-ACA4-4E60-BE25-42C79BAC2DC7}.Release|x64.ActiveCfg = Release|Any CPU
		{426D9002-ACA4-4E60-BE25-42C79BAC2DC7}.Release|x64.Build.0 = Release|Any CPU
		{426D9002-ACA4-4E60-BE25-42C79BAC2DC7}.Release|x86.ActiveCfg = Release|Any CPU
		{426D9002-ACA4-4E60-BE25-42C79BAC2DC7}.Release|x86.Build.0 = Release|Any CPU
	EndGlobalSection
EndGlobal
